
Microsoft Visual Studio Solution File, Format Version 12.00
Project("{FAE04EC0-301F-11D3-BF4B-00C04F79EFBC}") = "VkDiag", "VkDiag\VkDiag.csproj", "{4F941EC6-7CE9-4853-B429-8184E329EC66}"
EndProject
Project("{2150E333-8FDC-42A3-9474-1A3956D46DE8}") = "Solution Items", "Solution Items", "{BE28E8D5-EF36-492E-AD68-8AAE69FF0782}"
	ProjectSection(SolutionItems) = preProject
		README.md = README.md
	EndProjectSection
EndProject
Project("{FAE04EC0-301F-11D3-BF4B-00C04F79EFBC}") = "vkdiag.Test", "vkdiag.Test\vkdiag.Test.csproj", "{B58B5713-13C2-4ECC-AECF-BCB91E6200B8}"
EndProject
Global
	GlobalSection(SolutionConfigurationPlatforms) = preSolution
		Debug|Any CPU = Debug|Any CPU
		Debug|x64 = Debug|x64
		Debug|x86 = Debug|x86
		Release|Any CPU = Release|Any CPU
		Release|x64 = Release|x64
		Release|x86 = Release|x86
	EndGlobalSection
	GlobalSection(ProjectConfigurationPlatforms) = postSolution
		{4F941EC6-7CE9-4853-B429-8184E329EC66}.Debug|Any CPU.ActiveCfg = Debug|Any CPU
		{4F941EC6-7CE9-4853-B429-8184E329EC66}.Debug|Any CPU.Build.0 = Debug|Any CPU
		{4F941EC6-7CE9-4853-B429-8184E329EC66}.Debug|x64.ActiveCfg = Debug|Any CPU
		{4F941EC6-7CE9-4853-B429-8184E329EC66}.Debug|x64.Build.0 = Debug|Any CPU
		{4F941EC6-7CE9-4853-B429-8184E329EC66}.Debug|x86.ActiveCfg = Debug|Any CPU
		{4F941EC6-7CE9-4853-B429-8184E329EC66}.Debug|x86.Build.0 = Debug|Any CPU
		{4F941EC6-7CE9-4853-B429-8184E329EC66}.Release|Any CPU.ActiveCfg = Release|Any CPU
		{4F941EC6-7CE9-4853-B429-8184E329EC66}.Release|Any CPU.Build.0 = Release|Any CPU
		{4F941EC6-7CE9-4853-B429-8184E329EC66}.Release|x64.ActiveCfg = Release|Any CPU
		{4F941EC6-7CE9-4853-B429-8184E329EC66}.Release|x64.Build.0 = Release|Any CPU
		{4F941EC6-7CE9-4853-B429-8184E329EC66}.Release|x86.ActiveCfg = Release|Any CPU
		{4F941EC6-7CE9-4853-B429-8184E329EC66}.Release|x86.Build.0 = Release|Any CPU
		{B58B5713-13C2-4ECC-AECF-BCB91E6200B8}.Debug|Any CPU.ActiveCfg = Debug|Any CPU
		{B58B5713-13C2-4ECC-AECF-BCB91E6200B8}.Debug|Any CPU.Build.0 = Debug|Any CPU
		{B58B5713-13C2-4ECC-AECF-BCB91E6200B8}.Debug|x64.ActiveCfg = Debug|Any CPU
		{B58B5713-13C2-4ECC-AECF-BCB91E6200B8}.Debug|x64.Build.0 = Debug|Any CPU
		{B58B5713-13C2-4ECC-AECF-BCB91E6200B8}.Debug|x86.ActiveCfg = Debug|Any CPU
		{B58B5713-13C2-4ECC-AECF-BCB91E6200B8}.Debug|x86.Build.0 = Debug|Any CPU
		{B58B5713-13C2-4ECC-AECF-BCB91E6200B8}.Release|Any CPU.ActiveCfg = Release|Any CPU
		{B58B5713-13C2-4ECC-AECF-BCB91E6200B8}.Release|Any CPU.Build.0 = Release|Any CPU
		{B58B5713-13C2-4ECC-AECF-BCB91E6200B8}.Release|x64.ActiveCfg = Release|Any CPU
		{B58B5713-13C2-4ECC-AECF-BCB91E6200B8}.Release|x64.Build.0 = Release|Any CPU
		{B58B5713-13C2-4ECC-AECF-BCB91E6200B8}.Release|x86.ActiveCfg = Release|Any CPU
		{B58B5713-13C2-4ECC-AECF-BCB91E6200B8}.Release|x86.Build.0 = Release|Any CPU
	EndGlobalSection
	GlobalSection(SolutionProperties) = preSolution
		HideSolutionNode = FALSE
	EndGlobalSection
EndGlobal
